
Microsoft Visual Studio Solution File, Format Version 12.00
# Visual Studio Version 17
VisualStudioVersion = 17.7.34031.279
MinimumVisualStudioVersion = 10.0.40219.1
Project("{FAE04EC0-301F-11D3-BF4B-00C04F79EFBC}") = "ProjecteHash", "ProjecteHash\ProjecteHash.csproj", "{55751BD2-1D28-4206-8275-B5B234F1B77A}"
EndProject
Global
	GlobalSection(SolutionConfigurationPlatforms) = preSolution
		Debug|Any CPU = Debug|Any CPU
		Release|Any CPU = Release|Any CPU
	EndGlobalSection
	GlobalSection(ProjectConfigurationPlatforms) = postSolution
		{55751BD2-1D28-4206-8275-B5B234F1B77A}.Debug|Any CPU.ActiveCfg = Debug|Any CPU
		{55751BD2-1D28-4206-8275-B5B234F1B77A}.Debug|Any CPU.Build.0 = Debug|Any CPU
		{55751BD2-1D28-4206-8275-B5B234F1B77A}.Release|Any CPU.ActiveCfg = Release|Any CPU
		{55751BD2-1D28-4206-8275-B5B234F1B77A}.Release|Any CPU.Build.0 = Release|Any CPU
	EndGlobalSection
	GlobalSection(SolutionProperties) = preSolution
		HideSolutionNode = FALSE
	EndGlobalSection
	GlobalSection(ExtensibilityGlobals) = postSolution
		SolutionGuid = {2801FF23-D8B4-4936-AACF-9DAEF1875893}
	EndGlobalSection
EndGlobal
